
Microsoft Visual Studio Solution File, Format Version 10.00
# Visual Studio 2008
Project("{8BC9CEB8-8B4A-11D0-8D11-00A0C91BC942}") = "test_7_28", "test_7_28\test_7_28.vcproj", "{B0043C20-8FEF-4564-90B8-CCAF92F0D35F}"
EndProject
Global
	GlobalSection(SolutionConfigurationPlatforms) = preSolution
		Debug|Win32 = Debug|Win32
		Release|Win32 = Release|Win32
	EndGlobalSection
	GlobalSection(ProjectConfigurationPlatforms) = postSolution
		{B0043C20-8FEF-4564-90B8-CCAF92F0D35F}.Debug|Win32.ActiveCfg = Debug|Win32
		{B0043C20-8FEF-4564-90B8-CCAF92F0D35F}.Debug|Win32.Build.0 = Debug|Win32
		{B0043C20-8FEF-4564-90B8-CCAF92F0D35F}.Release|Win32.ActiveCfg = Release|Win32
		{B0043C20-8FEF-4564-90B8-CCAF92F0D35F}.Release|Win32.Build.0 = Release|Win32
	EndGlobalSection
	GlobalSection(SolutionProperties) = preSolution
		HideSolutionNode = FALSE
	EndGlobalSection
EndGlobal
