
Microsoft Visual Studio Solution File, Format Version 11.00
# Visual Studio 2010
Project("{8BC9CEB8-8B4A-11D0-8D11-00A0C91BC942}") = "test_9_16", "test_9_16\test_9_16.vcxproj", "{8D2633BF-4628-4B6E-903F-308D07F22579}"
EndProject
Global
	GlobalSection(SolutionConfigurationPlatforms) = preSolution
		Debug|Win32 = Debug|Win32
		Release|Win32 = Release|Win32
	EndGlobalSection
	GlobalSection(ProjectConfigurationPlatforms) = postSolution
		{8D2633BF-4628-4B6E-903F-308D07F22579}.Debug|Win32.ActiveCfg = Debug|Win32
		{8D2633BF-4628-4B6E-903F-308D07F22579}.Debug|Win32.Build.0 = Debug|Win32
		{8D2633BF-4628-4B6E-903F-308D07F22579}.Release|Win32.ActiveCfg = Release|Win32
		{8D2633BF-4628-4B6E-903F-308D07F22579}.Release|Win32.Build.0 = Release|Win32
	EndGlobalSection
	GlobalSection(SolutionProperties) = preSolution
		HideSolutionNode = FALSE
	EndGlobalSection
EndGlobal
