
Microsoft Visual Studio Solution File, Format Version 10.00
# Visual Studio 2008
Project("{8BC9CEB8-8B4A-11D0-8D11-00A0C91BC942}") = "test_10_20_2", "test_10_20_2\test_10_20_2.vcproj", "{3FB16F6E-3477-4C09-BFBD-11C523A97BD7}"
EndProject
Global
	GlobalSection(SolutionConfigurationPlatforms) = preSolution
		Debug|Win32 = Debug|Win32
		Release|Win32 = Release|Win32
	EndGlobalSection
	GlobalSection(ProjectConfigurationPlatforms) = postSolution
		{3FB16F6E-3477-4C09-BFBD-11C523A97BD7}.Debug|Win32.ActiveCfg = Debug|Win32
		{3FB16F6E-3477-4C09-BFBD-11C523A97BD7}.Debug|Win32.Build.0 = Debug|Win32
		{3FB16F6E-3477-4C09-BFBD-11C523A97BD7}.Release|Win32.ActiveCfg = Release|Win32
		{3FB16F6E-3477-4C09-BFBD-11C523A97BD7}.Release|Win32.Build.0 = Release|Win32
	EndGlobalSection
	GlobalSection(SolutionProperties) = preSolution
		HideSolutionNode = FALSE
	EndGlobalSection
EndGlobal
