
Microsoft Visual Studio Solution File, Format Version 11.00
# Visual Studio 2010
Project("{8BC9CEB8-8B4A-11D0-8D11-00A0C91BC942}") = "test_10_14", "test_10_14\test_10_14.vcxproj", "{105C4B91-8AA9-45C2-848F-7F6097C2B297}"
EndProject
Global
	GlobalSection(SolutionConfigurationPlatforms) = preSolution
		Debug|Win32 = Debug|Win32
		Release|Win32 = Release|Win32
	EndGlobalSection
	GlobalSection(ProjectConfigurationPlatforms) = postSolution
		{105C4B91-8AA9-45C2-848F-7F6097C2B297}.Debug|Win32.ActiveCfg = Debug|Win32
		{105C4B91-8AA9-45C2-848F-7F6097C2B297}.Debug|Win32.Build.0 = Debug|Win32
		{105C4B91-8AA9-45C2-848F-7F6097C2B297}.Release|Win32.ActiveCfg = Release|Win32
		{105C4B91-8AA9-45C2-848F-7F6097C2B297}.Release|Win32.Build.0 = Release|Win32
	EndGlobalSection
	GlobalSection(SolutionProperties) = preSolution
		HideSolutionNode = FALSE
	EndGlobalSection
EndGlobal
