
Microsoft Visual Studio Solution File, Format Version 11.00
# Visual Studio 2010
Project("{8BC9CEB8-8B4A-11D0-8D11-00A0C91BC942}") = "test_12_16_2", "test_12_16_2\test_12_16_2.vcxproj", "{FDDC0C8D-2A9D-48A1-9508-040186CD7880}"
EndProject
Global
	GlobalSection(SolutionConfigurationPlatforms) = preSolution
		Debug|Win32 = Debug|Win32
		Release|Win32 = Release|Win32
	EndGlobalSection
	GlobalSection(ProjectConfigurationPlatforms) = postSolution
		{FDDC0C8D-2A9D-48A1-9508-040186CD7880}.Debug|Win32.ActiveCfg = Debug|Win32
		{FDDC0C8D-2A9D-48A1-9508-040186CD7880}.Debug|Win32.Build.0 = Debug|Win32
		{FDDC0C8D-2A9D-48A1-9508-040186CD7880}.Release|Win32.ActiveCfg = Release|Win32
		{FDDC0C8D-2A9D-48A1-9508-040186CD7880}.Release|Win32.Build.0 = Release|Win32
	EndGlobalSection
	GlobalSection(SolutionProperties) = preSolution
		HideSolutionNode = FALSE
	EndGlobalSection
EndGlobal
