
Microsoft Visual Studio Solution File, Format Version 11.00
# Visual Studio 2010
Project("{8BC9CEB8-8B4A-11D0-8D11-00A0C91BC942}") = "test_7_9", "test_7_9\test_7_9.vcxproj", "{AE2C6440-5712-49F2-8F89-F68A61C0E639}"
EndProject
Global
	GlobalSection(SolutionConfigurationPlatforms) = preSolution
		Debug|Win32 = Debug|Win32
		Release|Win32 = Release|Win32
	EndGlobalSection
	GlobalSection(ProjectConfigurationPlatforms) = postSolution
		{AE2C6440-5712-49F2-8F89-F68A61C0E639}.Debug|Win32.ActiveCfg = Debug|Win32
		{AE2C6440-5712-49F2-8F89-F68A61C0E639}.Debug|Win32.Build.0 = Debug|Win32
		{AE2C6440-5712-49F2-8F89-F68A61C0E639}.Release|Win32.ActiveCfg = Release|Win32
		{AE2C6440-5712-49F2-8F89-F68A61C0E639}.Release|Win32.Build.0 = Release|Win32
	EndGlobalSection
	GlobalSection(SolutionProperties) = preSolution
		HideSolutionNode = FALSE
	EndGlobalSection
EndGlobal
