
Microsoft Visual Studio Solution File, Format Version 10.00
# Visual Studio 2008
Project("{8BC9CEB8-8B4A-11D0-8D11-00A0C91BC942}") = "test_10_27_1", "test_10_27_1\test_10_27_1.vcproj", "{44919343-39AD-4135-A0AA-244FCF1E2445}"
EndProject
Global
	GlobalSection(SolutionConfigurationPlatforms) = preSolution
		Debug|Win32 = Debug|Win32
		Release|Win32 = Release|Win32
	EndGlobalSection
	GlobalSection(ProjectConfigurationPlatforms) = postSolution
		{44919343-39AD-4135-A0AA-244FCF1E2445}.Debug|Win32.ActiveCfg = Debug|Win32
		{44919343-39AD-4135-A0AA-244FCF1E2445}.Debug|Win32.Build.0 = Debug|Win32
		{44919343-39AD-4135-A0AA-244FCF1E2445}.Release|Win32.ActiveCfg = Release|Win32
		{44919343-39AD-4135-A0AA-244FCF1E2445}.Release|Win32.Build.0 = Release|Win32
	EndGlobalSection
	GlobalSection(SolutionProperties) = preSolution
		HideSolutionNode = FALSE
	EndGlobalSection
EndGlobal
