
Microsoft Visual Studio Solution File, Format Version 11.00
# Visual Studio 2010
Project("{8BC9CEB8-8B4A-11D0-8D11-00A0C91BC942}") = "test_2_26_53", "test_2_26_53\test_2_26_53.vcxproj", "{F652B1C6-5A82-4AC0-ADD2-037FBB24EF05}"
EndProject
Global
	GlobalSection(SolutionConfigurationPlatforms) = preSolution
		Debug|Win32 = Debug|Win32
		Release|Win32 = Release|Win32
	EndGlobalSection
	GlobalSection(ProjectConfigurationPlatforms) = postSolution
		{F652B1C6-5A82-4AC0-ADD2-037FBB24EF05}.Debug|Win32.ActiveCfg = Debug|Win32
		{F652B1C6-5A82-4AC0-ADD2-037FBB24EF05}.Debug|Win32.Build.0 = Debug|Win32
		{F652B1C6-5A82-4AC0-ADD2-037FBB24EF05}.Release|Win32.ActiveCfg = Release|Win32
		{F652B1C6-5A82-4AC0-ADD2-037FBB24EF05}.Release|Win32.Build.0 = Release|Win32
	EndGlobalSection
	GlobalSection(SolutionProperties) = preSolution
		HideSolutionNode = FALSE
	EndGlobalSection
EndGlobal
