
Microsoft Visual Studio Solution File, Format Version 11.00
# Visual Studio 2010
Project("{8BC9CEB8-8B4A-11D0-8D11-00A0C91BC942}") = "test_1_14", "test_1_14\test_1_14.vcxproj", "{215837D3-BF16-4B69-B50E-74082CD9D6A8}"
EndProject
Global
	GlobalSection(SolutionConfigurationPlatforms) = preSolution
		Debug|Win32 = Debug|Win32
		Release|Win32 = Release|Win32
	EndGlobalSection
	GlobalSection(ProjectConfigurationPlatforms) = postSolution
		{215837D3-BF16-4B69-B50E-74082CD9D6A8}.Debug|Win32.ActiveCfg = Debug|Win32
		{215837D3-BF16-4B69-B50E-74082CD9D6A8}.Debug|Win32.Build.0 = Debug|Win32
		{215837D3-BF16-4B69-B50E-74082CD9D6A8}.Release|Win32.ActiveCfg = Release|Win32
		{215837D3-BF16-4B69-B50E-74082CD9D6A8}.Release|Win32.Build.0 = Release|Win32
	EndGlobalSection
	GlobalSection(SolutionProperties) = preSolution
		HideSolutionNode = FALSE
	EndGlobalSection
EndGlobal
