
Microsoft Visual Studio Solution File, Format Version 10.00
# Visual Studio 2008
Project("{8BC9CEB8-8B4A-11D0-8D11-00A0C91BC942}") = "test_11_13", "test_11_13\test_11_13.vcproj", "{FE4206C7-1ABF-4BDC-B5BE-AFBF7AF5DE5E}"
EndProject
Global
	GlobalSection(SolutionConfigurationPlatforms) = preSolution
		Debug|Win32 = Debug|Win32
		Release|Win32 = Release|Win32
	EndGlobalSection
	GlobalSection(ProjectConfigurationPlatforms) = postSolution
		{FE4206C7-1ABF-4BDC-B5BE-AFBF7AF5DE5E}.Debug|Win32.ActiveCfg = Debug|Win32
		{FE4206C7-1ABF-4BDC-B5BE-AFBF7AF5DE5E}.Debug|Win32.Build.0 = Debug|Win32
		{FE4206C7-1ABF-4BDC-B5BE-AFBF7AF5DE5E}.Release|Win32.ActiveCfg = Release|Win32
		{FE4206C7-1ABF-4BDC-B5BE-AFBF7AF5DE5E}.Release|Win32.Build.0 = Release|Win32
	EndGlobalSection
	GlobalSection(SolutionProperties) = preSolution
		HideSolutionNode = FALSE
	EndGlobalSection
EndGlobal
