
Microsoft Visual Studio Solution File, Format Version 11.00
# Visual Studio 2010
Project("{8BC9CEB8-8B4A-11D0-8D11-00A0C91BC942}") = "test_12_22", "test_12_22\test_12_22.vcxproj", "{2294384B-688D-44D0-8481-99F2E2271353}"
EndProject
Global
	GlobalSection(SolutionConfigurationPlatforms) = preSolution
		Debug|Win32 = Debug|Win32
		Release|Win32 = Release|Win32
	EndGlobalSection
	GlobalSection(ProjectConfigurationPlatforms) = postSolution
		{2294384B-688D-44D0-8481-99F2E2271353}.Debug|Win32.ActiveCfg = Debug|Win32
		{2294384B-688D-44D0-8481-99F2E2271353}.Debug|Win32.Build.0 = Debug|Win32
		{2294384B-688D-44D0-8481-99F2E2271353}.Release|Win32.ActiveCfg = Release|Win32
		{2294384B-688D-44D0-8481-99F2E2271353}.Release|Win32.Build.0 = Release|Win32
	EndGlobalSection
	GlobalSection(SolutionProperties) = preSolution
		HideSolutionNode = FALSE
	EndGlobalSection
EndGlobal
