
Microsoft Visual Studio Solution File, Format Version 10.00
# Visual Studio 2008
Project("{8BC9CEB8-8B4A-11D0-8D11-00A0C91BC942}") = "test_6_14", "test_6_14\test_6_14.vcproj", "{B26B499D-77B7-4BE6-8AC8-AFE460C38DA6}"
EndProject
Global
	GlobalSection(SolutionConfigurationPlatforms) = preSolution
		Debug|Win32 = Debug|Win32
		Release|Win32 = Release|Win32
	EndGlobalSection
	GlobalSection(ProjectConfigurationPlatforms) = postSolution
		{B26B499D-77B7-4BE6-8AC8-AFE460C38DA6}.Debug|Win32.ActiveCfg = Debug|Win32
		{B26B499D-77B7-4BE6-8AC8-AFE460C38DA6}.Debug|Win32.Build.0 = Debug|Win32
		{B26B499D-77B7-4BE6-8AC8-AFE460C38DA6}.Release|Win32.ActiveCfg = Release|Win32
		{B26B499D-77B7-4BE6-8AC8-AFE460C38DA6}.Release|Win32.Build.0 = Release|Win32
	EndGlobalSection
	GlobalSection(SolutionProperties) = preSolution
		HideSolutionNode = FALSE
	EndGlobalSection
EndGlobal
