
Microsoft Visual Studio Solution File, Format Version 10.00
# Visual Studio 2008
Project("{8BC9CEB8-8B4A-11D0-8D11-00A0C91BC942}") = "game2", "game2.vcproj", "{9EA0509C-3A3E-4F28-9586-9CAE63F53669}"
EndProject
Global
	GlobalSection(SolutionConfigurationPlatforms) = preSolution
		Debug|Win32 = Debug|Win32
		Release|Win32 = Release|Win32
	EndGlobalSection
	GlobalSection(ProjectConfigurationPlatforms) = postSolution
		{9EA0509C-3A3E-4F28-9586-9CAE63F53669}.Debug|Win32.ActiveCfg = Debug|Win32
		{9EA0509C-3A3E-4F28-9586-9CAE63F53669}.Debug|Win32.Build.0 = Debug|Win32
		{9EA0509C-3A3E-4F28-9586-9CAE63F53669}.Release|Win32.ActiveCfg = Release|Win32
		{9EA0509C-3A3E-4F28-9586-9CAE63F53669}.Release|Win32.Build.0 = Release|Win32
	EndGlobalSection
	GlobalSection(SolutionProperties) = preSolution
		HideSolutionNode = FALSE
	EndGlobalSection
EndGlobal
