
Microsoft Visual Studio Solution File, Format Version 10.00
# Visual Studio 2008
Project("{8BC9CEB8-8B4A-11D0-8D11-00A0C91BC942}") = "add", "add.vcproj", "{6F2CC9B0-4272-40A8-835F-37B8E2BB42ED}"
EndProject
Global
	GlobalSection(SolutionConfigurationPlatforms) = preSolution
		Debug|Win32 = Debug|Win32
		Release|Win32 = Release|Win32
	EndGlobalSection
	GlobalSection(ProjectConfigurationPlatforms) = postSolution
		{6F2CC9B0-4272-40A8-835F-37B8E2BB42ED}.Debug|Win32.ActiveCfg = Debug|Win32
		{6F2CC9B0-4272-40A8-835F-37B8E2BB42ED}.Debug|Win32.Build.0 = Debug|Win32
		{6F2CC9B0-4272-40A8-835F-37B8E2BB42ED}.Release|Win32.ActiveCfg = Release|Win32
		{6F2CC9B0-4272-40A8-835F-37B8E2BB42ED}.Release|Win32.Build.0 = Release|Win32
	EndGlobalSection
	GlobalSection(SolutionProperties) = preSolution
		HideSolutionNode = FALSE
	EndGlobalSection
EndGlobal
