
Microsoft Visual Studio Solution File, Format Version 11.00
# Visual Studio 2010
Project("{8BC9CEB8-8B4A-11D0-8D11-00A0C91BC942}") = "test_6_26", "test_6_26\test_6_26.vcxproj", "{D331C390-C0A0-4C8B-8DFE-ACEA4C68C50D}"
EndProject
Global
	GlobalSection(SolutionConfigurationPlatforms) = preSolution
		Debug|Win32 = Debug|Win32
		Release|Win32 = Release|Win32
	EndGlobalSection
	GlobalSection(ProjectConfigurationPlatforms) = postSolution
		{D331C390-C0A0-4C8B-8DFE-ACEA4C68C50D}.Debug|Win32.ActiveCfg = Debug|Win32
		{D331C390-C0A0-4C8B-8DFE-ACEA4C68C50D}.Debug|Win32.Build.0 = Debug|Win32
		{D331C390-C0A0-4C8B-8DFE-ACEA4C68C50D}.Release|Win32.ActiveCfg = Release|Win32
		{D331C390-C0A0-4C8B-8DFE-ACEA4C68C50D}.Release|Win32.Build.0 = Release|Win32
	EndGlobalSection
	GlobalSection(SolutionProperties) = preSolution
		HideSolutionNode = FALSE
	EndGlobalSection
EndGlobal
