
Microsoft Visual Studio Solution File, Format Version 10.00
# Visual Studio 2008
Project("{8BC9CEB8-8B4A-11D0-8D11-00A0C91BC942}") = "test_5_28", "test_5_28\test_5_28.vcproj", "{499FF96B-7C46-40FF-9D47-CBECFDAFD3E6}"
EndProject
Global
	GlobalSection(SolutionConfigurationPlatforms) = preSolution
		Debug|Win32 = Debug|Win32
		Release|Win32 = Release|Win32
	EndGlobalSection
	GlobalSection(ProjectConfigurationPlatforms) = postSolution
		{499FF96B-7C46-40FF-9D47-CBECFDAFD3E6}.Debug|Win32.ActiveCfg = Debug|Win32
		{499FF96B-7C46-40FF-9D47-CBECFDAFD3E6}.Debug|Win32.Build.0 = Debug|Win32
		{499FF96B-7C46-40FF-9D47-CBECFDAFD3E6}.Release|Win32.ActiveCfg = Release|Win32
		{499FF96B-7C46-40FF-9D47-CBECFDAFD3E6}.Release|Win32.Build.0 = Release|Win32
	EndGlobalSection
	GlobalSection(SolutionProperties) = preSolution
		HideSolutionNode = FALSE
	EndGlobalSection
EndGlobal
