
Microsoft Visual Studio Solution File, Format Version 11.00
# Visual Studio 2010
Project("{8BC9CEB8-8B4A-11D0-8D11-00A0C91BC942}") = "test_9_9", "test_9_9\test_9_9.vcxproj", "{B71D1219-5120-4B1A-B3F0-FF6D5EA6BBBB}"
EndProject
Global
	GlobalSection(SolutionConfigurationPlatforms) = preSolution
		Debug|Win32 = Debug|Win32
		Release|Win32 = Release|Win32
	EndGlobalSection
	GlobalSection(ProjectConfigurationPlatforms) = postSolution
		{B71D1219-5120-4B1A-B3F0-FF6D5EA6BBBB}.Debug|Win32.ActiveCfg = Debug|Win32
		{B71D1219-5120-4B1A-B3F0-FF6D5EA6BBBB}.Debug|Win32.Build.0 = Debug|Win32
		{B71D1219-5120-4B1A-B3F0-FF6D5EA6BBBB}.Release|Win32.ActiveCfg = Release|Win32
		{B71D1219-5120-4B1A-B3F0-FF6D5EA6BBBB}.Release|Win32.Build.0 = Release|Win32
	EndGlobalSection
	GlobalSection(SolutionProperties) = preSolution
		HideSolutionNode = FALSE
	EndGlobalSection
EndGlobal
