
Microsoft Visual Studio Solution File, Format Version 10.00
# Visual Studio 2008
Project("{8BC9CEB8-8B4A-11D0-8D11-00A0C91BC942}") = "test_6_7", "test_6_7\test_6_7.vcproj", "{B9AA487D-A463-4BB2-8F6B-2A84F272A7F4}"
EndProject
Global
	GlobalSection(SolutionConfigurationPlatforms) = preSolution
		Debug|Win32 = Debug|Win32
		Release|Win32 = Release|Win32
	EndGlobalSection
	GlobalSection(ProjectConfigurationPlatforms) = postSolution
		{B9AA487D-A463-4BB2-8F6B-2A84F272A7F4}.Debug|Win32.ActiveCfg = Debug|Win32
		{B9AA487D-A463-4BB2-8F6B-2A84F272A7F4}.Debug|Win32.Build.0 = Debug|Win32
		{B9AA487D-A463-4BB2-8F6B-2A84F272A7F4}.Release|Win32.ActiveCfg = Release|Win32
		{B9AA487D-A463-4BB2-8F6B-2A84F272A7F4}.Release|Win32.Build.0 = Release|Win32
	EndGlobalSection
	GlobalSection(SolutionProperties) = preSolution
		HideSolutionNode = FALSE
	EndGlobalSection
EndGlobal
