
Microsoft Visual Studio Solution File, Format Version 10.00
# Visual Studio 2008
Project("{8BC9CEB8-8B4A-11D0-8D11-00A0C91BC942}") = "test_10_13", "test_10_13\test_10_13.vcproj", "{5A15F2DA-84D7-4706-85AF-F52FEA157F55}"
EndProject
Global
	GlobalSection(SolutionConfigurationPlatforms) = preSolution
		Debug|Win32 = Debug|Win32
		Release|Win32 = Release|Win32
	EndGlobalSection
	GlobalSection(ProjectConfigurationPlatforms) = postSolution
		{5A15F2DA-84D7-4706-85AF-F52FEA157F55}.Debug|Win32.ActiveCfg = Debug|Win32
		{5A15F2DA-84D7-4706-85AF-F52FEA157F55}.Debug|Win32.Build.0 = Debug|Win32
		{5A15F2DA-84D7-4706-85AF-F52FEA157F55}.Release|Win32.ActiveCfg = Release|Win32
		{5A15F2DA-84D7-4706-85AF-F52FEA157F55}.Release|Win32.Build.0 = Release|Win32
	EndGlobalSection
	GlobalSection(SolutionProperties) = preSolution
		HideSolutionNode = FALSE
	EndGlobalSection
EndGlobal
