
Microsoft Visual Studio Solution File, Format Version 11.00
# Visual Studio 2010
Project("{8BC9CEB8-8B4A-11D0-8D11-00A0C91BC942}") = "test.c", "test.c\test.c.vcxproj", "{4A620256-C12A-42FE-96D2-1BAAE6B3FF55}"
EndProject
Global
	GlobalSection(SolutionConfigurationPlatforms) = preSolution
		Debug|Win32 = Debug|Win32
		Release|Win32 = Release|Win32
	EndGlobalSection
	GlobalSection(ProjectConfigurationPlatforms) = postSolution
		{4A620256-C12A-42FE-96D2-1BAAE6B3FF55}.Debug|Win32.ActiveCfg = Debug|Win32
		{4A620256-C12A-42FE-96D2-1BAAE6B3FF55}.Debug|Win32.Build.0 = Debug|Win32
		{4A620256-C12A-42FE-96D2-1BAAE6B3FF55}.Release|Win32.ActiveCfg = Release|Win32
		{4A620256-C12A-42FE-96D2-1BAAE6B3FF55}.Release|Win32.Build.0 = Release|Win32
	EndGlobalSection
	GlobalSection(SolutionProperties) = preSolution
		HideSolutionNode = FALSE
	EndGlobalSection
EndGlobal
