
Microsoft Visual Studio Solution File, Format Version 11.00
# Visual Studio 2010
Project("{8BC9CEB8-8B4A-11D0-8D11-00A0C91BC942}") = "test_10_10", "test_10_10\test_10_10.vcxproj", "{11D3D990-B329-4C31-9EDF-5A81B0C9D615}"
EndProject
Global
	GlobalSection(SolutionConfigurationPlatforms) = preSolution
		Debug|Win32 = Debug|Win32
		Release|Win32 = Release|Win32
	EndGlobalSection
	GlobalSection(ProjectConfigurationPlatforms) = postSolution
		{11D3D990-B329-4C31-9EDF-5A81B0C9D615}.Debug|Win32.ActiveCfg = Debug|Win32
		{11D3D990-B329-4C31-9EDF-5A81B0C9D615}.Debug|Win32.Build.0 = Debug|Win32
		{11D3D990-B329-4C31-9EDF-5A81B0C9D615}.Release|Win32.ActiveCfg = Release|Win32
		{11D3D990-B329-4C31-9EDF-5A81B0C9D615}.Release|Win32.Build.0 = Release|Win32
	EndGlobalSection
	GlobalSection(SolutionProperties) = preSolution
		HideSolutionNode = FALSE
	EndGlobalSection
EndGlobal
