
Microsoft Visual Studio Solution File, Format Version 10.00
# Visual Studio 2008
Project("{8BC9CEB8-8B4A-11D0-8D11-00A0C91BC942}") = "test_11_8", "test_11_8\test_11_8.vcproj", "{D604C47A-2414-4FDC-88E9-3B98DD8D6533}"
EndProject
Global
	GlobalSection(SolutionConfigurationPlatforms) = preSolution
		Debug|Win32 = Debug|Win32
		Release|Win32 = Release|Win32
	EndGlobalSection
	GlobalSection(ProjectConfigurationPlatforms) = postSolution
		{D604C47A-2414-4FDC-88E9-3B98DD8D6533}.Debug|Win32.ActiveCfg = Debug|Win32
		{D604C47A-2414-4FDC-88E9-3B98DD8D6533}.Debug|Win32.Build.0 = Debug|Win32
		{D604C47A-2414-4FDC-88E9-3B98DD8D6533}.Release|Win32.ActiveCfg = Release|Win32
		{D604C47A-2414-4FDC-88E9-3B98DD8D6533}.Release|Win32.Build.0 = Release|Win32
	EndGlobalSection
	GlobalSection(SolutionProperties) = preSolution
		HideSolutionNode = FALSE
	EndGlobalSection
EndGlobal
