
Microsoft Visual Studio Solution File, Format Version 10.00
# Visual Studio 2008
Project("{8BC9CEB8-8B4A-11D0-8D11-00A0C91BC942}") = "test_9_22", "test_9_22\test_9_22.vcproj", "{EE25AE8D-6C9B-490D-974C-96F1495F774D}"
EndProject
Global
	GlobalSection(SolutionConfigurationPlatforms) = preSolution
		Debug|Win32 = Debug|Win32
		Release|Win32 = Release|Win32
	EndGlobalSection
	GlobalSection(ProjectConfigurationPlatforms) = postSolution
		{EE25AE8D-6C9B-490D-974C-96F1495F774D}.Debug|Win32.ActiveCfg = Debug|Win32
		{EE25AE8D-6C9B-490D-974C-96F1495F774D}.Debug|Win32.Build.0 = Debug|Win32
		{EE25AE8D-6C9B-490D-974C-96F1495F774D}.Release|Win32.ActiveCfg = Release|Win32
		{EE25AE8D-6C9B-490D-974C-96F1495F774D}.Release|Win32.Build.0 = Release|Win32
	EndGlobalSection
	GlobalSection(SolutionProperties) = preSolution
		HideSolutionNode = FALSE
	EndGlobalSection
EndGlobal
