
Microsoft Visual Studio Solution File, Format Version 11.00
# Visual Studio 2010
Project("{8BC9CEB8-8B4A-11D0-8D11-00A0C91BC942}") = "test_10_13_2", "test_10_13_2\test_10_13_2.vcxproj", "{781C2FF0-F5B6-49C5-BC0D-0563D6DB1114}"
EndProject
Global
	GlobalSection(SolutionConfigurationPlatforms) = preSolution
		Debug|Win32 = Debug|Win32
		Release|Win32 = Release|Win32
	EndGlobalSection
	GlobalSection(ProjectConfigurationPlatforms) = postSolution
		{781C2FF0-F5B6-49C5-BC0D-0563D6DB1114}.Debug|Win32.ActiveCfg = Debug|Win32
		{781C2FF0-F5B6-49C5-BC0D-0563D6DB1114}.Debug|Win32.Build.0 = Debug|Win32
		{781C2FF0-F5B6-49C5-BC0D-0563D6DB1114}.Release|Win32.ActiveCfg = Release|Win32
		{781C2FF0-F5B6-49C5-BC0D-0563D6DB1114}.Release|Win32.Build.0 = Release|Win32
	EndGlobalSection
	GlobalSection(SolutionProperties) = preSolution
		HideSolutionNode = FALSE
	EndGlobalSection
EndGlobal
