
Microsoft Visual Studio Solution File, Format Version 11.00
# Visual Studio 2010
Project("{8BC9CEB8-8B4A-11D0-8D11-00A0C91BC942}") = "test_5_12", "test_5_12\test_5_12.vcxproj", "{621F651D-894C-4393-A94C-8493E46EFE15}"
EndProject
Global
	GlobalSection(SolutionConfigurationPlatforms) = preSolution
		Debug|Win32 = Debug|Win32
		Release|Win32 = Release|Win32
	EndGlobalSection
	GlobalSection(ProjectConfigurationPlatforms) = postSolution
		{621F651D-894C-4393-A94C-8493E46EFE15}.Debug|Win32.ActiveCfg = Debug|Win32
		{621F651D-894C-4393-A94C-8493E46EFE15}.Debug|Win32.Build.0 = Debug|Win32
		{621F651D-894C-4393-A94C-8493E46EFE15}.Release|Win32.ActiveCfg = Release|Win32
		{621F651D-894C-4393-A94C-8493E46EFE15}.Release|Win32.Build.0 = Release|Win32
	EndGlobalSection
	GlobalSection(SolutionProperties) = preSolution
		HideSolutionNode = FALSE
	EndGlobalSection
EndGlobal
