
Microsoft Visual Studio Solution File, Format Version 11.00
# Visual Studio 2010
Project("{8BC9CEB8-8B4A-11D0-8D11-00A0C91BC942}") = "test_7_31", "test_7_31\test_7_31.vcxproj", "{2B71CB3D-F03A-4CAC-AE79-9B304BEC4954}"
EndProject
Global
	GlobalSection(SolutionConfigurationPlatforms) = preSolution
		Debug|Win32 = Debug|Win32
		Release|Win32 = Release|Win32
	EndGlobalSection
	GlobalSection(ProjectConfigurationPlatforms) = postSolution
		{2B71CB3D-F03A-4CAC-AE79-9B304BEC4954}.Debug|Win32.ActiveCfg = Debug|Win32
		{2B71CB3D-F03A-4CAC-AE79-9B304BEC4954}.Debug|Win32.Build.0 = Debug|Win32
		{2B71CB3D-F03A-4CAC-AE79-9B304BEC4954}.Release|Win32.ActiveCfg = Release|Win32
		{2B71CB3D-F03A-4CAC-AE79-9B304BEC4954}.Release|Win32.Build.0 = Release|Win32
	EndGlobalSection
	GlobalSection(SolutionProperties) = preSolution
		HideSolutionNode = FALSE
	EndGlobalSection
EndGlobal
