
Microsoft Visual Studio Solution File, Format Version 11.00
# Visual Studio 2010
Project("{8BC9CEB8-8B4A-11D0-8D11-00A0C91BC942}") = "test_12_8", "test_12_8\test_12_8.vcxproj", "{E409CA23-0972-466C-8256-95E39EEF8623}"
EndProject
Global
	GlobalSection(SolutionConfigurationPlatforms) = preSolution
		Debug|Win32 = Debug|Win32
		Release|Win32 = Release|Win32
	EndGlobalSection
	GlobalSection(ProjectConfigurationPlatforms) = postSolution
		{E409CA23-0972-466C-8256-95E39EEF8623}.Debug|Win32.ActiveCfg = Debug|Win32
		{E409CA23-0972-466C-8256-95E39EEF8623}.Debug|Win32.Build.0 = Debug|Win32
		{E409CA23-0972-466C-8256-95E39EEF8623}.Release|Win32.ActiveCfg = Release|Win32
		{E409CA23-0972-466C-8256-95E39EEF8623}.Release|Win32.Build.0 = Release|Win32
	EndGlobalSection
	GlobalSection(SolutionProperties) = preSolution
		HideSolutionNode = FALSE
	EndGlobalSection
EndGlobal
