
Microsoft Visual Studio Solution File, Format Version 10.00
# Visual Studio 2008
Project("{8BC9CEB8-8B4A-11D0-8D11-00A0C91BC942}") = "game2", "game2\game2.vcproj", "{8DA78912-CC44-4872-AF37-F7BE2754C19C}"
EndProject
Global
	GlobalSection(SolutionConfigurationPlatforms) = preSolution
		Debug|Win32 = Debug|Win32
		Release|Win32 = Release|Win32
	EndGlobalSection
	GlobalSection(ProjectConfigurationPlatforms) = postSolution
		{8DA78912-CC44-4872-AF37-F7BE2754C19C}.Debug|Win32.ActiveCfg = Debug|Win32
		{8DA78912-CC44-4872-AF37-F7BE2754C19C}.Debug|Win32.Build.0 = Debug|Win32
		{8DA78912-CC44-4872-AF37-F7BE2754C19C}.Release|Win32.ActiveCfg = Release|Win32
		{8DA78912-CC44-4872-AF37-F7BE2754C19C}.Release|Win32.Build.0 = Release|Win32
	EndGlobalSection
	GlobalSection(SolutionProperties) = preSolution
		HideSolutionNode = FALSE
	EndGlobalSection
EndGlobal
