
Microsoft Visual Studio Solution File, Format Version 11.00
# Visual Studio 2010
Project("{8BC9CEB8-8B4A-11D0-8D11-00A0C91BC942}") = "test_1_7", "test_1_7\test_1_7.vcxproj", "{16151793-01FD-4BD2-A498-FEEB63364179}"
EndProject
Global
	GlobalSection(SolutionConfigurationPlatforms) = preSolution
		Debug|Win32 = Debug|Win32
		Release|Win32 = Release|Win32
	EndGlobalSection
	GlobalSection(ProjectConfigurationPlatforms) = postSolution
		{16151793-01FD-4BD2-A498-FEEB63364179}.Debug|Win32.ActiveCfg = Debug|Win32
		{16151793-01FD-4BD2-A498-FEEB63364179}.Debug|Win32.Build.0 = Debug|Win32
		{16151793-01FD-4BD2-A498-FEEB63364179}.Release|Win32.ActiveCfg = Release|Win32
		{16151793-01FD-4BD2-A498-FEEB63364179}.Release|Win32.Build.0 = Release|Win32
	EndGlobalSection
	GlobalSection(SolutionProperties) = preSolution
		HideSolutionNode = FALSE
	EndGlobalSection
EndGlobal
