
Microsoft Visual Studio Solution File, Format Version 10.00
# Visual Studio 2008
Project("{8BC9CEB8-8B4A-11D0-8D11-00A0C91BC942}") = "test_9_21", "test_9_21\test_9_21.vcproj", "{B1A05225-13AF-4D7E-BA6C-2C7290AAF13C}"
EndProject
Global
	GlobalSection(SolutionConfigurationPlatforms) = preSolution
		Debug|Win32 = Debug|Win32
		Release|Win32 = Release|Win32
	EndGlobalSection
	GlobalSection(ProjectConfigurationPlatforms) = postSolution
		{B1A05225-13AF-4D7E-BA6C-2C7290AAF13C}.Debug|Win32.ActiveCfg = Debug|Win32
		{B1A05225-13AF-4D7E-BA6C-2C7290AAF13C}.Debug|Win32.Build.0 = Debug|Win32
		{B1A05225-13AF-4D7E-BA6C-2C7290AAF13C}.Release|Win32.ActiveCfg = Release|Win32
		{B1A05225-13AF-4D7E-BA6C-2C7290AAF13C}.Release|Win32.Build.0 = Release|Win32
	EndGlobalSection
	GlobalSection(SolutionProperties) = preSolution
		HideSolutionNode = FALSE
	EndGlobalSection
EndGlobal
