
Microsoft Visual Studio Solution File, Format Version 11.00
# Visual Studio 2010
Project("{8BC9CEB8-8B4A-11D0-8D11-00A0C91BC942}") = "test_4_1", "test_4_1\test_4_1.vcxproj", "{CF65A733-D5B9-447C-B1C0-820BFC6BA21E}"
EndProject
Global
	GlobalSection(SolutionConfigurationPlatforms) = preSolution
		Debug|Win32 = Debug|Win32
		Release|Win32 = Release|Win32
	EndGlobalSection
	GlobalSection(ProjectConfigurationPlatforms) = postSolution
		{CF65A733-D5B9-447C-B1C0-820BFC6BA21E}.Debug|Win32.ActiveCfg = Debug|Win32
		{CF65A733-D5B9-447C-B1C0-820BFC6BA21E}.Debug|Win32.Build.0 = Debug|Win32
		{CF65A733-D5B9-447C-B1C0-820BFC6BA21E}.Release|Win32.ActiveCfg = Release|Win32
		{CF65A733-D5B9-447C-B1C0-820BFC6BA21E}.Release|Win32.Build.0 = Release|Win32
	EndGlobalSection
	GlobalSection(SolutionProperties) = preSolution
		HideSolutionNode = FALSE
	EndGlobalSection
EndGlobal
