
Microsoft Visual Studio Solution File, Format Version 11.00
# Visual Studio 2010
Project("{8BC9CEB8-8B4A-11D0-8D11-00A0C91BC942}") = "test_6_4", "test_6_4\test_6_4.vcxproj", "{D8534658-F000-4BBD-96E9-A9181961D557}"
EndProject
Global
	GlobalSection(SolutionConfigurationPlatforms) = preSolution
		Debug|Win32 = Debug|Win32
		Release|Win32 = Release|Win32
	EndGlobalSection
	GlobalSection(ProjectConfigurationPlatforms) = postSolution
		{D8534658-F000-4BBD-96E9-A9181961D557}.Debug|Win32.ActiveCfg = Debug|Win32
		{D8534658-F000-4BBD-96E9-A9181961D557}.Debug|Win32.Build.0 = Debug|Win32
		{D8534658-F000-4BBD-96E9-A9181961D557}.Release|Win32.ActiveCfg = Release|Win32
		{D8534658-F000-4BBD-96E9-A9181961D557}.Release|Win32.Build.0 = Release|Win32
	EndGlobalSection
	GlobalSection(SolutionProperties) = preSolution
		HideSolutionNode = FALSE
	EndGlobalSection
EndGlobal
