
Microsoft Visual Studio Solution File, Format Version 11.00
# Visual Studio 2010
Project("{8BC9CEB8-8B4A-11D0-8D11-00A0C91BC942}") = "test_8_28", "test_8_28\test_8_28.vcxproj", "{9DB02A8E-3DCD-4F55-87F7-45E8D88C81DB}"
EndProject
Global
	GlobalSection(SolutionConfigurationPlatforms) = preSolution
		Debug|Win32 = Debug|Win32
		Release|Win32 = Release|Win32
	EndGlobalSection
	GlobalSection(ProjectConfigurationPlatforms) = postSolution
		{9DB02A8E-3DCD-4F55-87F7-45E8D88C81DB}.Debug|Win32.ActiveCfg = Debug|Win32
		{9DB02A8E-3DCD-4F55-87F7-45E8D88C81DB}.Debug|Win32.Build.0 = Debug|Win32
		{9DB02A8E-3DCD-4F55-87F7-45E8D88C81DB}.Release|Win32.ActiveCfg = Release|Win32
		{9DB02A8E-3DCD-4F55-87F7-45E8D88C81DB}.Release|Win32.Build.0 = Release|Win32
	EndGlobalSection
	GlobalSection(SolutionProperties) = preSolution
		HideSolutionNode = FALSE
	EndGlobalSection
EndGlobal
