
Microsoft Visual Studio Solution File, Format Version 10.00
# Visual Studio 2008
Project("{8BC9CEB8-8B4A-11D0-8D11-00A0C91BC942}") = "test_11_24", "test_11_24.vcproj", "{0FB2DDF8-DE0C-4BD3-BA44-31DB03C9736F}"
EndProject
Global
	GlobalSection(SolutionConfigurationPlatforms) = preSolution
		Debug|Win32 = Debug|Win32
		Release|Win32 = Release|Win32
	EndGlobalSection
	GlobalSection(ProjectConfigurationPlatforms) = postSolution
		{0FB2DDF8-DE0C-4BD3-BA44-31DB03C9736F}.Debug|Win32.ActiveCfg = Debug|Win32
		{0FB2DDF8-DE0C-4BD3-BA44-31DB03C9736F}.Debug|Win32.Build.0 = Debug|Win32
		{0FB2DDF8-DE0C-4BD3-BA44-31DB03C9736F}.Release|Win32.ActiveCfg = Release|Win32
		{0FB2DDF8-DE0C-4BD3-BA44-31DB03C9736F}.Release|Win32.Build.0 = Release|Win32
	EndGlobalSection
	GlobalSection(SolutionProperties) = preSolution
		HideSolutionNode = FALSE
	EndGlobalSection
EndGlobal
