
Microsoft Visual Studio Solution File, Format Version 10.00
# Visual Studio 2008
Project("{8BC9CEB8-8B4A-11D0-8D11-00A0C91BC942}") = "Contact", "Contact.vcproj", "{4BD63173-B6DC-41DD-98E6-8212A24B139A}"
EndProject
Global
	GlobalSection(SolutionConfigurationPlatforms) = preSolution
		Debug|Win32 = Debug|Win32
		Release|Win32 = Release|Win32
	EndGlobalSection
	GlobalSection(ProjectConfigurationPlatforms) = postSolution
		{4BD63173-B6DC-41DD-98E6-8212A24B139A}.Debug|Win32.ActiveCfg = Debug|Win32
		{4BD63173-B6DC-41DD-98E6-8212A24B139A}.Debug|Win32.Build.0 = Debug|Win32
		{4BD63173-B6DC-41DD-98E6-8212A24B139A}.Release|Win32.ActiveCfg = Release|Win32
		{4BD63173-B6DC-41DD-98E6-8212A24B139A}.Release|Win32.Build.0 = Release|Win32
	EndGlobalSection
	GlobalSection(SolutionProperties) = preSolution
		HideSolutionNode = FALSE
	EndGlobalSection
EndGlobal
