
Microsoft Visual Studio Solution File, Format Version 10.00
# Visual Studio 2008
Project("{8BC9CEB8-8B4A-11D0-8D11-00A0C91BC942}") = "test_12_1_2", "test_12_1_2.vcproj", "{D376F70B-A059-45FC-9A3D-8799FEA1246C}"
EndProject
Global
	GlobalSection(SolutionConfigurationPlatforms) = preSolution
		Debug|Win32 = Debug|Win32
		Release|Win32 = Release|Win32
	EndGlobalSection
	GlobalSection(ProjectConfigurationPlatforms) = postSolution
		{D376F70B-A059-45FC-9A3D-8799FEA1246C}.Debug|Win32.ActiveCfg = Debug|Win32
		{D376F70B-A059-45FC-9A3D-8799FEA1246C}.Debug|Win32.Build.0 = Debug|Win32
		{D376F70B-A059-45FC-9A3D-8799FEA1246C}.Release|Win32.ActiveCfg = Release|Win32
		{D376F70B-A059-45FC-9A3D-8799FEA1246C}.Release|Win32.Build.0 = Release|Win32
	EndGlobalSection
	GlobalSection(SolutionProperties) = preSolution
		HideSolutionNode = FALSE
	EndGlobalSection
EndGlobal
