
Microsoft Visual Studio Solution File, Format Version 10.00
# Visual Studio 2008
Project("{8BC9CEB8-8B4A-11D0-8D11-00A0C91BC942}") = "test_6_11", "test_6_11\test_6_11.vcproj", "{190C7027-3036-4F18-AFB7-E60240AB48D3}"
EndProject
Global
	GlobalSection(SolutionConfigurationPlatforms) = preSolution
		Debug|Win32 = Debug|Win32
		Release|Win32 = Release|Win32
	EndGlobalSection
	GlobalSection(ProjectConfigurationPlatforms) = postSolution
		{190C7027-3036-4F18-AFB7-E60240AB48D3}.Debug|Win32.ActiveCfg = Debug|Win32
		{190C7027-3036-4F18-AFB7-E60240AB48D3}.Debug|Win32.Build.0 = Debug|Win32
		{190C7027-3036-4F18-AFB7-E60240AB48D3}.Release|Win32.ActiveCfg = Release|Win32
		{190C7027-3036-4F18-AFB7-E60240AB48D3}.Release|Win32.Build.0 = Release|Win32
	EndGlobalSection
	GlobalSection(SolutionProperties) = preSolution
		HideSolutionNode = FALSE
	EndGlobalSection
EndGlobal
