
Microsoft Visual Studio Solution File, Format Version 10.00
# Visual Studio 2008
Project("{8BC9CEB8-8B4A-11D0-8D11-00A0C91BC942}") = "test_11_20", "test_11_20.vcproj", "{F0DB6950-B525-4682-9886-0A952CFD738A}"
EndProject
Global
	GlobalSection(SolutionConfigurationPlatforms) = preSolution
		Debug|Win32 = Debug|Win32
		Release|Win32 = Release|Win32
	EndGlobalSection
	GlobalSection(ProjectConfigurationPlatforms) = postSolution
		{F0DB6950-B525-4682-9886-0A952CFD738A}.Debug|Win32.ActiveCfg = Debug|Win32
		{F0DB6950-B525-4682-9886-0A952CFD738A}.Debug|Win32.Build.0 = Debug|Win32
		{F0DB6950-B525-4682-9886-0A952CFD738A}.Release|Win32.ActiveCfg = Release|Win32
		{F0DB6950-B525-4682-9886-0A952CFD738A}.Release|Win32.Build.0 = Release|Win32
	EndGlobalSection
	GlobalSection(SolutionProperties) = preSolution
		HideSolutionNode = FALSE
	EndGlobalSection
EndGlobal
