
Microsoft Visual Studio Solution File, Format Version 10.00
# Visual Studio 2008
Project("{8BC9CEB8-8B4A-11D0-8D11-00A0C91BC942}") = "game1", "game1\game1.vcproj", "{347C7B37-8B89-44D6-BFE4-2FAF551DB2FF}"
EndProject
Global
	GlobalSection(SolutionConfigurationPlatforms) = preSolution
		Debug|Win32 = Debug|Win32
		Release|Win32 = Release|Win32
	EndGlobalSection
	GlobalSection(ProjectConfigurationPlatforms) = postSolution
		{347C7B37-8B89-44D6-BFE4-2FAF551DB2FF}.Debug|Win32.ActiveCfg = Debug|Win32
		{347C7B37-8B89-44D6-BFE4-2FAF551DB2FF}.Debug|Win32.Build.0 = Debug|Win32
		{347C7B37-8B89-44D6-BFE4-2FAF551DB2FF}.Release|Win32.ActiveCfg = Release|Win32
		{347C7B37-8B89-44D6-BFE4-2FAF551DB2FF}.Release|Win32.Build.0 = Release|Win32
	EndGlobalSection
	GlobalSection(SolutionProperties) = preSolution
		HideSolutionNode = FALSE
	EndGlobalSection
EndGlobal
