
Microsoft Visual Studio Solution File, Format Version 10.00
# Visual Studio 2008
Project("{8BC9CEB8-8B4A-11D0-8D11-00A0C91BC942}") = "test_5_24", "test_5_24\test_5_24.vcproj", "{CAF5FF5F-129B-4517-9AA1-FF783773E8C3}"
EndProject
Global
	GlobalSection(SolutionConfigurationPlatforms) = preSolution
		Debug|Win32 = Debug|Win32
		Release|Win32 = Release|Win32
	EndGlobalSection
	GlobalSection(ProjectConfigurationPlatforms) = postSolution
		{CAF5FF5F-129B-4517-9AA1-FF783773E8C3}.Debug|Win32.ActiveCfg = Debug|Win32
		{CAF5FF5F-129B-4517-9AA1-FF783773E8C3}.Debug|Win32.Build.0 = Debug|Win32
		{CAF5FF5F-129B-4517-9AA1-FF783773E8C3}.Release|Win32.ActiveCfg = Release|Win32
		{CAF5FF5F-129B-4517-9AA1-FF783773E8C3}.Release|Win32.Build.0 = Release|Win32
	EndGlobalSection
	GlobalSection(SolutionProperties) = preSolution
		HideSolutionNode = FALSE
	EndGlobalSection
EndGlobal
