
Microsoft Visual Studio Solution File, Format Version 11.00
# Visual Studio 2010
Project("{8BC9CEB8-8B4A-11D0-8D11-00A0C91BC942}") = "test_12_11", "test_12_11\test_12_11.vcxproj", "{D0D1C8D7-280F-4BAD-A119-FC35617210BA}"
EndProject
Global
	GlobalSection(SolutionConfigurationPlatforms) = preSolution
		Debug|Win32 = Debug|Win32
		Release|Win32 = Release|Win32
	EndGlobalSection
	GlobalSection(ProjectConfigurationPlatforms) = postSolution
		{D0D1C8D7-280F-4BAD-A119-FC35617210BA}.Debug|Win32.ActiveCfg = Debug|Win32
		{D0D1C8D7-280F-4BAD-A119-FC35617210BA}.Debug|Win32.Build.0 = Debug|Win32
		{D0D1C8D7-280F-4BAD-A119-FC35617210BA}.Release|Win32.ActiveCfg = Release|Win32
		{D0D1C8D7-280F-4BAD-A119-FC35617210BA}.Release|Win32.Build.0 = Release|Win32
	EndGlobalSection
	GlobalSection(SolutionProperties) = preSolution
		HideSolutionNode = FALSE
	EndGlobalSection
EndGlobal
