
Microsoft Visual Studio Solution File, Format Version 11.00
# Visual Studio 2010
Project("{8BC9CEB8-8B4A-11D0-8D11-00A0C91BC942}") = "test_3_29", "test_3_29\test_3_29.vcxproj", "{6123638C-9DB0-4F1E-8D62-871B029F1482}"
EndProject
Global
	GlobalSection(SolutionConfigurationPlatforms) = preSolution
		Debug|Win32 = Debug|Win32
		Release|Win32 = Release|Win32
	EndGlobalSection
	GlobalSection(ProjectConfigurationPlatforms) = postSolution
		{6123638C-9DB0-4F1E-8D62-871B029F1482}.Debug|Win32.ActiveCfg = Debug|Win32
		{6123638C-9DB0-4F1E-8D62-871B029F1482}.Debug|Win32.Build.0 = Debug|Win32
		{6123638C-9DB0-4F1E-8D62-871B029F1482}.Release|Win32.ActiveCfg = Release|Win32
		{6123638C-9DB0-4F1E-8D62-871B029F1482}.Release|Win32.Build.0 = Release|Win32
	EndGlobalSection
	GlobalSection(SolutionProperties) = preSolution
		HideSolutionNode = FALSE
	EndGlobalSection
EndGlobal
