
Microsoft Visual Studio Solution File, Format Version 11.00
# Visual Studio 2010
Project("{8BC9CEB8-8B4A-11D0-8D11-00A0C91BC942}") = "test_8_11", "test_8_11\test_8_11.vcxproj", "{4F593A14-A6B1-4B14-9A37-4858D12581D3}"
EndProject
Global
	GlobalSection(SolutionConfigurationPlatforms) = preSolution
		Debug|Win32 = Debug|Win32
		Release|Win32 = Release|Win32
	EndGlobalSection
	GlobalSection(ProjectConfigurationPlatforms) = postSolution
		{4F593A14-A6B1-4B14-9A37-4858D12581D3}.Debug|Win32.ActiveCfg = Debug|Win32
		{4F593A14-A6B1-4B14-9A37-4858D12581D3}.Debug|Win32.Build.0 = Debug|Win32
		{4F593A14-A6B1-4B14-9A37-4858D12581D3}.Release|Win32.ActiveCfg = Release|Win32
		{4F593A14-A6B1-4B14-9A37-4858D12581D3}.Release|Win32.Build.0 = Release|Win32
	EndGlobalSection
	GlobalSection(SolutionProperties) = preSolution
		HideSolutionNode = FALSE
	EndGlobalSection
EndGlobal
