
Microsoft Visual Studio Solution File, Format Version 11.00
# Visual Studio 2010
Project("{8BC9CEB8-8B4A-11D0-8D11-00A0C91BC942}") = "test_4_20", "test_4_20\test_4_20.vcxproj", "{046AE6EF-AEC5-41E8-A632-F0018556FD59}"
EndProject
Global
	GlobalSection(SolutionConfigurationPlatforms) = preSolution
		Debug|Win32 = Debug|Win32
		Release|Win32 = Release|Win32
	EndGlobalSection
	GlobalSection(ProjectConfigurationPlatforms) = postSolution
		{046AE6EF-AEC5-41E8-A632-F0018556FD59}.Debug|Win32.ActiveCfg = Debug|Win32
		{046AE6EF-AEC5-41E8-A632-F0018556FD59}.Debug|Win32.Build.0 = Debug|Win32
		{046AE6EF-AEC5-41E8-A632-F0018556FD59}.Release|Win32.ActiveCfg = Release|Win32
		{046AE6EF-AEC5-41E8-A632-F0018556FD59}.Release|Win32.Build.0 = Release|Win32
	EndGlobalSection
	GlobalSection(SolutionProperties) = preSolution
		HideSolutionNode = FALSE
	EndGlobalSection
EndGlobal
