
Microsoft Visual Studio Solution File, Format Version 10.00
# Visual Studio 2008
Project("{8BC9CEB8-8B4A-11D0-8D11-00A0C91BC942}") = "test_12_2_1", "test_12_2_1.vcproj", "{367EAB18-F9A6-42DA-A591-79C3E91FD2AD}"
EndProject
Global
	GlobalSection(SolutionConfigurationPlatforms) = preSolution
		Debug|Win32 = Debug|Win32
		Release|Win32 = Release|Win32
	EndGlobalSection
	GlobalSection(ProjectConfigurationPlatforms) = postSolution
		{367EAB18-F9A6-42DA-A591-79C3E91FD2AD}.Debug|Win32.ActiveCfg = Debug|Win32
		{367EAB18-F9A6-42DA-A591-79C3E91FD2AD}.Debug|Win32.Build.0 = Debug|Win32
		{367EAB18-F9A6-42DA-A591-79C3E91FD2AD}.Release|Win32.ActiveCfg = Release|Win32
		{367EAB18-F9A6-42DA-A591-79C3E91FD2AD}.Release|Win32.Build.0 = Release|Win32
	EndGlobalSection
	GlobalSection(SolutionProperties) = preSolution
		HideSolutionNode = FALSE
	EndGlobalSection
EndGlobal
