
Microsoft Visual Studio Solution File, Format Version 10.00
# Visual Studio 2008
Project("{8BC9CEB8-8B4A-11D0-8D11-00A0C91BC942}") = "test_11_18", "test_11_18.vcproj", "{ADF614C6-F0FD-451A-B3BB-5B02FA94C6A3}"
EndProject
Global
	GlobalSection(SolutionConfigurationPlatforms) = preSolution
		Debug|Win32 = Debug|Win32
		Release|Win32 = Release|Win32
	EndGlobalSection
	GlobalSection(ProjectConfigurationPlatforms) = postSolution
		{ADF614C6-F0FD-451A-B3BB-5B02FA94C6A3}.Debug|Win32.ActiveCfg = Debug|Win32
		{ADF614C6-F0FD-451A-B3BB-5B02FA94C6A3}.Debug|Win32.Build.0 = Debug|Win32
		{ADF614C6-F0FD-451A-B3BB-5B02FA94C6A3}.Release|Win32.ActiveCfg = Release|Win32
		{ADF614C6-F0FD-451A-B3BB-5B02FA94C6A3}.Release|Win32.Build.0 = Release|Win32
	EndGlobalSection
	GlobalSection(SolutionProperties) = preSolution
		HideSolutionNode = FALSE
	EndGlobalSection
EndGlobal
