
Microsoft Visual Studio Solution File, Format Version 11.00
# Visual Studio 2010
Project("{8BC9CEB8-8B4A-11D0-8D11-00A0C91BC942}") = "test_3_15", "test_3_15\test_3_15.vcxproj", "{63BEEAAD-CB64-43C0-B2F8-F99248343DB9}"
EndProject
Global
	GlobalSection(SolutionConfigurationPlatforms) = preSolution
		Debug|Win32 = Debug|Win32
		Debug|x64 = Debug|x64
		Release|Win32 = Release|Win32
		Release|x64 = Release|x64
	EndGlobalSection
	GlobalSection(ProjectConfigurationPlatforms) = postSolution
		{63BEEAAD-CB64-43C0-B2F8-F99248343DB9}.Debug|Win32.ActiveCfg = Debug|Win32
		{63BEEAAD-CB64-43C0-B2F8-F99248343DB9}.Debug|Win32.Build.0 = Debug|Win32
		{63BEEAAD-CB64-43C0-B2F8-F99248343DB9}.Debug|x64.ActiveCfg = Debug|x64
		{63BEEAAD-CB64-43C0-B2F8-F99248343DB9}.Debug|x64.Build.0 = Debug|x64
		{63BEEAAD-CB64-43C0-B2F8-F99248343DB9}.Release|Win32.ActiveCfg = Release|Win32
		{63BEEAAD-CB64-43C0-B2F8-F99248343DB9}.Release|Win32.Build.0 = Release|Win32
		{63BEEAAD-CB64-43C0-B2F8-F99248343DB9}.Release|x64.ActiveCfg = Release|x64
		{63BEEAAD-CB64-43C0-B2F8-F99248343DB9}.Release|x64.Build.0 = Release|x64
	EndGlobalSection
	GlobalSection(SolutionProperties) = preSolution
		HideSolutionNode = FALSE
	EndGlobalSection
EndGlobal
