
Microsoft Visual Studio Solution File, Format Version 11.00
# Visual Studio 2010
Project("{8BC9CEB8-8B4A-11D0-8D11-00A0C91BC942}") = "test_1_6", "test_1_6\test_1_6.vcxproj", "{D90BE68C-76BE-46C1-B3C7-D3CEB26BCFFF}"
EndProject
Global
	GlobalSection(SolutionConfigurationPlatforms) = preSolution
		Debug|Win32 = Debug|Win32
		Release|Win32 = Release|Win32
	EndGlobalSection
	GlobalSection(ProjectConfigurationPlatforms) = postSolution
		{D90BE68C-76BE-46C1-B3C7-D3CEB26BCFFF}.Debug|Win32.ActiveCfg = Debug|Win32
		{D90BE68C-76BE-46C1-B3C7-D3CEB26BCFFF}.Debug|Win32.Build.0 = Debug|Win32
		{D90BE68C-76BE-46C1-B3C7-D3CEB26BCFFF}.Release|Win32.ActiveCfg = Release|Win32
		{D90BE68C-76BE-46C1-B3C7-D3CEB26BCFFF}.Release|Win32.Build.0 = Release|Win32
	EndGlobalSection
	GlobalSection(SolutionProperties) = preSolution
		HideSolutionNode = FALSE
	EndGlobalSection
EndGlobal
