
Microsoft Visual Studio Solution File, Format Version 10.00
# Visual Studio 2008
Project("{8BC9CEB8-8B4A-11D0-8D11-00A0C91BC942}") = "test_10_31", "test_10_31\test_10_31.vcproj", "{0A227224-FC7F-4426-AD0D-CFE39E7813D7}"
EndProject
Global
	GlobalSection(SolutionConfigurationPlatforms) = preSolution
		Debug|Win32 = Debug|Win32
		Release|Win32 = Release|Win32
	EndGlobalSection
	GlobalSection(ProjectConfigurationPlatforms) = postSolution
		{0A227224-FC7F-4426-AD0D-CFE39E7813D7}.Debug|Win32.ActiveCfg = Debug|Win32
		{0A227224-FC7F-4426-AD0D-CFE39E7813D7}.Debug|Win32.Build.0 = Debug|Win32
		{0A227224-FC7F-4426-AD0D-CFE39E7813D7}.Release|Win32.ActiveCfg = Release|Win32
		{0A227224-FC7F-4426-AD0D-CFE39E7813D7}.Release|Win32.Build.0 = Release|Win32
	EndGlobalSection
	GlobalSection(SolutionProperties) = preSolution
		HideSolutionNode = FALSE
	EndGlobalSection
EndGlobal
