
Microsoft Visual Studio Solution File, Format Version 10.00
# Visual Studio 2008
Project("{8BC9CEB8-8B4A-11D0-8D11-00A0C91BC942}") = "test_11_14", "test_11_14.vcproj", "{32103D33-8AB0-4B0E-9EB5-85A60550D42A}"
EndProject
Global
	GlobalSection(SolutionConfigurationPlatforms) = preSolution
		Debug|Win32 = Debug|Win32
		Release|Win32 = Release|Win32
	EndGlobalSection
	GlobalSection(ProjectConfigurationPlatforms) = postSolution
		{32103D33-8AB0-4B0E-9EB5-85A60550D42A}.Debug|Win32.ActiveCfg = Debug|Win32
		{32103D33-8AB0-4B0E-9EB5-85A60550D42A}.Debug|Win32.Build.0 = Debug|Win32
		{32103D33-8AB0-4B0E-9EB5-85A60550D42A}.Release|Win32.ActiveCfg = Release|Win32
		{32103D33-8AB0-4B0E-9EB5-85A60550D42A}.Release|Win32.Build.0 = Release|Win32
	EndGlobalSection
	GlobalSection(SolutionProperties) = preSolution
		HideSolutionNode = FALSE
	EndGlobalSection
EndGlobal
