
Microsoft Visual Studio Solution File, Format Version 10.00
# Visual Studio 2008
Project("{8BC9CEB8-8B4A-11D0-8D11-00A0C91BC942}") = "test_11_18_2", "test_11_18_2.vcproj", "{818A34B4-9C1C-4D4F-89B0-4BE66918BF94}"
EndProject
Global
	GlobalSection(SolutionConfigurationPlatforms) = preSolution
		Debug|Win32 = Debug|Win32
		Release|Win32 = Release|Win32
	EndGlobalSection
	GlobalSection(ProjectConfigurationPlatforms) = postSolution
		{818A34B4-9C1C-4D4F-89B0-4BE66918BF94}.Debug|Win32.ActiveCfg = Debug|Win32
		{818A34B4-9C1C-4D4F-89B0-4BE66918BF94}.Debug|Win32.Build.0 = Debug|Win32
		{818A34B4-9C1C-4D4F-89B0-4BE66918BF94}.Release|Win32.ActiveCfg = Release|Win32
		{818A34B4-9C1C-4D4F-89B0-4BE66918BF94}.Release|Win32.Build.0 = Release|Win32
	EndGlobalSection
	GlobalSection(SolutionProperties) = preSolution
		HideSolutionNode = FALSE
	EndGlobalSection
EndGlobal
