
Microsoft Visual Studio Solution File, Format Version 10.00
# Visual Studio 2008
Project("{8BC9CEB8-8B4A-11D0-8D11-00A0C91BC942}") = "test_11_25", "test_11_25.vcproj", "{F39675B1-0A93-46DC-82FB-1E86C6747721}"
EndProject
Global
	GlobalSection(SolutionConfigurationPlatforms) = preSolution
		Debug|Win32 = Debug|Win32
		Release|Win32 = Release|Win32
	EndGlobalSection
	GlobalSection(ProjectConfigurationPlatforms) = postSolution
		{F39675B1-0A93-46DC-82FB-1E86C6747721}.Debug|Win32.ActiveCfg = Debug|Win32
		{F39675B1-0A93-46DC-82FB-1E86C6747721}.Debug|Win32.Build.0 = Debug|Win32
		{F39675B1-0A93-46DC-82FB-1E86C6747721}.Release|Win32.ActiveCfg = Release|Win32
		{F39675B1-0A93-46DC-82FB-1E86C6747721}.Release|Win32.Build.0 = Release|Win32
	EndGlobalSection
	GlobalSection(SolutionProperties) = preSolution
		HideSolutionNode = FALSE
	EndGlobalSection
EndGlobal
