
Microsoft Visual Studio Solution File, Format Version 10.00
# Visual Studio 2008
Project("{8BC9CEB8-8B4A-11D0-8D11-00A0C91BC942}") = "test_11_10_2", "test_11_10_2\test_11_10_2.vcproj", "{AFD5CDD6-C681-431A-8E59-B10A1D5EDF5D}"
EndProject
Global
	GlobalSection(SolutionConfigurationPlatforms) = preSolution
		Debug|Win32 = Debug|Win32
		Release|Win32 = Release|Win32
	EndGlobalSection
	GlobalSection(ProjectConfigurationPlatforms) = postSolution
		{AFD5CDD6-C681-431A-8E59-B10A1D5EDF5D}.Debug|Win32.ActiveCfg = Debug|Win32
		{AFD5CDD6-C681-431A-8E59-B10A1D5EDF5D}.Debug|Win32.Build.0 = Debug|Win32
		{AFD5CDD6-C681-431A-8E59-B10A1D5EDF5D}.Release|Win32.ActiveCfg = Release|Win32
		{AFD5CDD6-C681-431A-8E59-B10A1D5EDF5D}.Release|Win32.Build.0 = Release|Win32
	EndGlobalSection
	GlobalSection(SolutionProperties) = preSolution
		HideSolutionNode = FALSE
	EndGlobalSection
EndGlobal
